
Microsoft Visual Studio Solution File, Format Version 12.00
# Visual Studio Version 17
VisualStudioVersion = 17.5.33530.505
MinimumVisualStudioVersion = 10.0.40219.1
Project("{9A19103F-16F7-4668-BE54-9A1E7A4F7556}") = "SalesFunnel", "SalesFunil.desktop\SalesFunnel.csproj", "{41BC87DB-6CE1-4D07-A614-6B89F51B199A}"
EndProject
Project("{2150E333-8FDC-42A3-9474-1A3956D46DE8}") = "Solution Items", "Solution Items", "{4C88DC9B-C84B-42F5-A3EB-D68C42F4B6C0}"
	ProjectSection(SolutionItems) = preProject
		.editorconfig = .editorconfig
	EndProjectSection
EndProject
Global
	GlobalSection(SolutionConfigurationPlatforms) = preSolution
		Debug|Any CPU = Debug|Any CPU
		Release|Any CPU = Release|Any CPU
	EndGlobalSection
	GlobalSection(ProjectConfigurationPlatforms) = postSolution
		{41BC87DB-6CE1-4D07-A614-6B89F51B199A}.Debug|Any CPU.ActiveCfg = Debug|Any CPU
		{41BC87DB-6CE1-4D07-A614-6B89F51B199A}.Debug|Any CPU.Build.0 = Debug|Any CPU
		{41BC87DB-6CE1-4D07-A614-6B89F51B199A}.Release|Any CPU.ActiveCfg = Release|Any CPU
		{41BC87DB-6CE1-4D07-A614-6B89F51B199A}.Release|Any CPU.Build.0 = Release|Any CPU
	EndGlobalSection
	GlobalSection(SolutionProperties) = preSolution
		HideSolutionNode = FALSE
	EndGlobalSection
	GlobalSection(ExtensibilityGlobals) = postSolution
		SolutionGuid = {626BA06F-6327-47F7-ACFF-15FAC5AA4EBF}
	EndGlobalSection
EndGlobal
